
Microsoft Visual Studio Solution File, Format Version 12.00
# Visual Studio Version 17
VisualStudioVersion = 17.3.32825.248
MinimumVisualStudioVersion = 10.0.40219.1
Project("{FAE04EC0-301F-11D3-BF4B-00C04F79EFBC}") = "LongestPathGameOOPLorenSharony", "LongestPathGameOOPLorenSharony\LongestPathGameOOPLorenSharony.csproj", "{6ECC240C-6628-45DF-A6BE-22D3F9042D07}"
EndProject
Global
	GlobalSection(SolutionConfigurationPlatforms) = preSolution
		Debug|Any CPU = Debug|Any CPU
		Release|Any CPU = Release|Any CPU
	EndGlobalSection
	GlobalSection(ProjectConfigurationPlatforms) = postSolution
		{6ECC240C-6628-45DF-A6BE-22D3F9042D07}.Debug|Any CPU.ActiveCfg = Debug|Any CPU
		{6ECC240C-6628-45DF-A6BE-22D3F9042D07}.Debug|Any CPU.Build.0 = Debug|Any CPU
		{6ECC240C-6628-45DF-A6BE-22D3F9042D07}.Release|Any CPU.ActiveCfg = Release|Any CPU
		{6ECC240C-6628-45DF-A6BE-22D3F9042D07}.Release|Any CPU.Build.0 = Release|Any CPU
	EndGlobalSection
	GlobalSection(SolutionProperties) = preSolution
		HideSolutionNode = FALSE
	EndGlobalSection
	GlobalSection(ExtensibilityGlobals) = postSolution
		SolutionGuid = {99CFA040-055D-4AA8-B3BE-A69DA1356AD9}
	EndGlobalSection
EndGlobal
